
Microsoft Visual Studio Solution File, Format Version 12.00
# Visual Studio 15
VisualStudioVersion = 15.0.28307.852
MinimumVisualStudioVersion = 10.0.40219.1
Project("{FAE04EC0-301F-11D3-BF4B-00C04F79EFBC}") = "Balloon Shop", "Balloon Shop\Balloon Shop.csproj", "{9809F7D7-6B6C-4A35-B791-4BC0F60C0BAD}"
EndProject
Project("{FAE04EC0-301F-11D3-BF4B-00C04F79EFBC}") = "Core", "Core\Core.csproj", "{701E0A1F-B8FB-42A8-AFA7-972B5BBD6F62}"
EndProject
Project("{FAE04EC0-301F-11D3-BF4B-00C04F79EFBC}") = "DataAccess", "DataAccess\DataAccess.csproj", "{1B4A8562-4D2D-427A-9293-41C0DD20221B}"
EndProject
Global
	GlobalSection(SolutionConfigurationPlatforms) = preSolution
		Debug|Any CPU = Debug|Any CPU
		Release|Any CPU = Release|Any CPU
	EndGlobalSection
	GlobalSection(ProjectConfigurationPlatforms) = postSolution
		{9809F7D7-6B6C-4A35-B791-4BC0F60C0BAD}.Debug|Any CPU.ActiveCfg = Debug|Any CPU
		{9809F7D7-6B6C-4A35-B791-4BC0F60C0BAD}.Debug|Any CPU.Build.0 = Debug|Any CPU
		{9809F7D7-6B6C-4A35-B791-4BC0F60C0BAD}.Release|Any CPU.ActiveCfg = Release|Any CPU
		{9809F7D7-6B6C-4A35-B791-4BC0F60C0BAD}.Release|Any CPU.Build.0 = Release|Any CPU
		{701E0A1F-B8FB-42A8-AFA7-972B5BBD6F62}.Debug|Any CPU.ActiveCfg = Debug|Any CPU
		{701E0A1F-B8FB-42A8-AFA7-972B5BBD6F62}.Debug|Any CPU.Build.0 = Debug|Any CPU
		{701E0A1F-B8FB-42A8-AFA7-972B5BBD6F62}.Release|Any CPU.ActiveCfg = Release|Any CPU
		{701E0A1F-B8FB-42A8-AFA7-972B5BBD6F62}.Release|Any CPU.Build.0 = Release|Any CPU
		{1B4A8562-4D2D-427A-9293-41C0DD20221B}.Debug|Any CPU.ActiveCfg = Debug|Any CPU
		{1B4A8562-4D2D-427A-9293-41C0DD20221B}.Debug|Any CPU.Build.0 = Debug|Any CPU
		{1B4A8562-4D2D-427A-9293-41C0DD20221B}.Release|Any CPU.ActiveCfg = Release|Any CPU
		{1B4A8562-4D2D-427A-9293-41C0DD20221B}.Release|Any CPU.Build.0 = Release|Any CPU
	EndGlobalSection
	GlobalSection(SolutionProperties) = preSolution
		HideSolutionNode = FALSE
	EndGlobalSection
	GlobalSection(ExtensibilityGlobals) = postSolution
		SolutionGuid = {31339048-E53F-4D66-8B53-B46D8D420055}
	EndGlobalSection
EndGlobal
